// !$*UTF8*$!
{
	archiveVersion = 1;
	classes = {
	};
	objectVersion = 56;
	objects = {

/* Begin PBXBuildFile section */
		160960E92D90FC970086F495 /* GainZApp.swift in Sources */ = {isa = PBXBuildFile; fileRef = 160960E82D90FC970086F495 /* GainZApp.swift */; };
		160960EB2D90FC970086F495 /* ContentView.swift in Sources */ = {isa = PBXBuildFile; fileRef = 160960EA2D90FC970086F495 /* ContentView.swift */; };
		160960ED2D90FC9B0086F495 /* Assets.xcassets in Resources */ = {isa = PBXBuildFile; fileRef = 160960EC2D90FC9B0086F495 /* Assets.xcassets */; };
		160960F02D90FC9B0086F495 /* Preview Assets.xcassets in Resources */ = {isa = PBXBuildFile; fileRef = 160960EF2D90FC9B0086F495 /* Preview Assets.xcassets */; };
		160960F22D90FC9B0086F495 /* Persistence.swift in Sources */ = {isa = PBXBuildFile; fileRef = 160960F12D90FC9B0086F495 /* Persistence.swift */; };
		160960F52D90FC9B0086F495 /* GainZ.xcdatamodeld in Sources */ = {isa = PBXBuildFile; fileRef = 160960F32D90FC9B0086F495 /* GainZ.xcdatamodeld */; };
		160960FF2D90FC9C0086F495 /* GainZTests.swift in Sources */ = {isa = PBXBuildFile; fileRef = 160960FE2D90FC9C0086F495 /* GainZTests.swift */; };
		160961092D90FC9C0086F495 /* GainZUITests.swift in Sources */ = {isa = PBXBuildFile; fileRef = 160961082D90FC9C0086F495 /* GainZUITests.swift */; };
		1609610B2D90FC9C0086F495 /* GainZUITestsLaunchTests.swift in Sources */ = {isa = PBXBuildFile; fileRef = 1609610A2D90FC9C0086F495 /* GainZUITestsLaunchTests.swift */; };
/* End PBXBuildFile section */

/* Begin PBXContainerItemProxy section */
		160960FB2D90FC9C0086F495 /* PBXContainerItemProxy */ = {
			isa = PBXContainerItemProxy;
			containerPortal = 160960DD2D90FC970086F495 /* Project object */;
			proxyType = 1;
			remoteGlobalIDString = 160960E42D90FC970086F495;
			remoteInfo = GainZ;
		};
		160961052D90FC9C0086F495 /* PBXContainerItemProxy */ = {
			isa = PBXContainerItemProxy;
			containerPortal = 160960DD2D90FC970086F495 /* Project object */;
			proxyType = 1;
			remoteGlobalIDString = 160960E42D90FC970086F495;
			remoteInfo = GainZ;
		};
/* End PBXContainerItemProxy section */

/* Begin PBXFileReference section */
		160960E52D90FC970086F495 /* GainZ.app */ = {isa = PBXFileReference; explicitFileType = wrapper.application; includeInIndex = 0; path = GainZ.app; sourceTree = BUILT_PRODUCTS_DIR; };
		160960E82D90FC970086F495 /* GainZApp.swift */ = {isa = PBXFileReference; lastKnownFileType = sourcecode.swift; path = GainZApp.swift; sourceTree = "<group>"; };
		160960EA2D90FC970086F495 /* ContentView.swift */ = {isa = PBXFileReference; lastKnownFileType = sourcecode.swift; path = ContentView.swift; sourceTree = "<group>"; };
		160960EC2D90FC9B0086F495 /* Assets.xcassets */ = {isa = PBXFileReference; lastKnownFileType = folder.assetcatalog; path = Assets.xcassets; sourceTree = "<group>"; };
		160960EF2D90FC9B0086F495 /* Preview Assets.xcassets */ = {isa = PBXFileReference; lastKnownFileType = folder.assetcatalog; path = "Preview Assets.xcassets"; sourceTree = "<group>"; };
		160960F12D90FC9B0086F495 /* Persistence.swift */ = {isa = PBXFileReference; lastKnownFileType = sourcecode.swift; path = Persistence.swift; sourceTree = "<group>"; };
		160960F42D90FC9B0086F495 /* GainZ.xcdatamodel */ = {isa = PBXFileReference; lastKnownFileType = wrapper.xcdatamodel; path = GainZ.xcdatamodel; sourceTree = "<group>"; };
		160960FA2D90FC9C0086F495 /* GainZTests.xctest */ = {isa = PBXFileReference; explicitFileType = wrapper.cfbundle; includeInIndex = 0; path = GainZTests.xctest; sourceTree = BUILT_PRODUCTS_DIR; };
		160960FE2D90FC9C0086F495 /* GainZTests.swift */ = {isa = PBXFileReference; lastKnownFileType = sourcecode.swift; path = GainZTests.swift; sourceTree = "<group>"; };
		160961042D90FC9C0086F495 /* GainZUITests.xctest */ = {isa = PBXFileReference; explicitFileType = wrapper.cfbundle; includeInIndex = 0; path = GainZUITests.xctest; sourceTree = BUILT_PRODUCTS_DIR; };
		160961082D90FC9C0086F495 /* GainZUITests.swift */ = {isa = PBXFileReference; lastKnownFileType = sourcecode.swift; path = GainZUITests.swift; sourceTree = "<group>"; };
		1609610A2D90FC9C0086F495 /* GainZUITestsLaunchTests.swift */ = {isa = PBXFileReference; lastKnownFileType = sourcecode.swift; path = GainZUITestsLaunchTests.swift; sourceTree = "<group>"; };
/* End PBXFileReference section */

/* Begin PBXFrameworksBuildPhase section */
		160960E22D90FC970086F495 /* Frameworks */ = {
			isa = PBXFrameworksBuildPhase;
			buildActionMask = 2147483647;
			files = (
			);
			runOnlyForDeploymentPostprocessing = 0;
		};
		160960F72D90FC9C0086F495 /* Frameworks */ = {
			isa = PBXFrameworksBuildPhase;
			buildActionMask = 2147483647;
			files = (
			);
			runOnlyForDeploymentPostprocessing = 0;
		};
		160961012D90FC9C0086F495 /* Frameworks */ = {
			isa = PBXFrameworksBuildPhase;
			buildActionMask = 2147483647;
			files = (
			);
			runOnlyForDeploymentPostprocessing = 0;
		};
/* End PBXFrameworksBuildPhase section */

/* Begin PBXGroup section */
		160960DC2D90FC970086F495 = {
			isa = PBXGroup;
			children = (
				160960E72D90FC970086F495 /* GainZ */,
				160960FD2D90FC9C0086F495 /* GainZTests */,
				160961072D90FC9C0086F495 /* GainZUITests */,
				160960E62D90FC970086F495 /* Products */,
			);
			sourceTree = "<group>";
		};
		160960E62D90FC970086F495 /* Products */ = {
			isa = PBXGroup;
			children = (
				160960E52D90FC970086F495 /* GainZ.app */,
				160960FA2D90FC9C0086F495 /* GainZTests.xctest */,
				160961042D90FC9C0086F495 /* GainZUITests.xctest */,
			);
			name = Products;
			sourceTree = "<group>";
		};
		160960E72D90FC970086F495 /* GainZ */ = {
			isa = PBXGroup;
			children = (
				160960E82D90FC970086F495 /* GainZApp.swift */,
				160960EA2D90FC970086F495 /* ContentView.swift */,
				160960EC2D90FC9B0086F495 /* Assets.xcassets */,
				160960F12D90FC9B0086F495 /* Persistence.swift */,
				160960F32D90FC9B0086F495 /* GainZ.xcdatamodeld */,
				160960EE2D90FC9B0086F495 /* Preview Content */,
			);
			path = GainZ;
			sourceTree = "<group>";
		};
		160960EE2D90FC9B0086F495 /* Preview Content */ = {
			isa = PBXGroup;
			children = (
				160960EF2D90FC9B0086F495 /* Preview Assets.xcassets */,
			);
			path = "Preview Content";
			sourceTree = "<group>";
		};
		160960FD2D90FC9C0086F495 /* GainZTests */ = {
			isa = PBXGroup;
			children = (
				160960FE2D90FC9C0086F495 /* GainZTests.swift */,
			);
			path = GainZTests;
			sourceTree = "<group>";
		};
		160961072D90FC9C0086F495 /* GainZUITests */ = {
			isa = PBXGroup;
			children = (
				160961082D90FC9C0086F495 /* GainZUITests.swift */,
				1609610A2D90FC9C0086F495 /* GainZUITestsLaunchTests.swift */,
			);
			path = GainZUITests;
			sourceTree = "<group>";
		};
/* End PBXGroup section */

/* Begin PBXNativeTarget section */
		160960E42D90FC970086F495 /* GainZ */ = {
			isa = PBXNativeTarget;
			buildConfigurationList = 1609610E2D90FC9C0086F495 /* Build configuration list for PBXNativeTarget "GainZ" */;
			buildPhases = (
				160960E12D90FC970086F495 /* Sources */,
				160960E22D90FC970086F495 /* Frameworks */,
				160960E32D90FC970086F495 /* Resources */,
			);
			buildRules = (
			);
			dependencies = (
			);
			name = GainZ;
			productName = GainZ;
			productReference = 160960E52D90FC970086F495 /* GainZ.app */;
			productType = "com.apple.product-type.application";
		};
		160960F92D90FC9C0086F495 /* GainZTests */ = {
			isa = PBXNativeTarget;
			buildConfigurationList = 160961112D90FC9C0086F495 /* Build configuration list for PBXNativeTarget "GainZTests" */;
			buildPhases = (
				160960F62D90FC9C0086F495 /* Sources */,
				160960F72D90FC9C0086F495 /* Frameworks */,
				160960F82D90FC9C0086F495 /* Resources */,
			);
			buildRules = (
			);
			dependencies = (
				160960FC2D90FC9C0086F495 /* PBXTargetDependency */,
			);
			name = GainZTests;
			productName = GainZTests;
			productReference = 160960FA2D90FC9C0086F495 /* GainZTests.xctest */;
			productType = "com.apple.product-type.bundle.unit-test";
		};
		160961032D90FC9C0086F495 /* GainZUITests */ = {
			isa = PBXNativeTarget;
			buildConfigurationList = 160961142D90FC9C0086F495 /* Build configuration list for PBXNativeTarget "GainZUITests" */;
			buildPhases = (
				160961002D90FC9C0086F495 /* Sources */,
				160961012D90FC9C0086F495 /* Frameworks */,
				160961022D90FC9C0086F495 /* Resources */,
			);
			buildRules = (
			);
			dependencies = (
				160961062D90FC9C0086F495 /* PBXTargetDependency */,
			);
			name = GainZUITests;
			productName = GainZUITests;
			productReference = 160961042D90FC9C0086F495 /* GainZUITests.xctest */;
			productType = "com.apple.product-type.bundle.ui-testing";
		};
/* End PBXNativeTarget section */

/* Begin PBXProject section */
		160960DD2D90FC970086F495 /* Project object */ = {
			isa = PBXProject;
			attributes = {
				BuildIndependentTargetsInParallel = 1;
				LastSwiftUpdateCheck = 1500;
				LastUpgradeCheck = 1500;
				TargetAttributes = {
					160960E42D90FC970086F495 = {
						CreatedOnToolsVersion = 15.0;
					};
					160960F92D90FC9C0086F495 = {
						CreatedOnToolsVersion = 15.0;
						TestTargetID = 160960E42D90FC970086F495;
					};
					160961032D90FC9C0086F495 = {
						CreatedOnToolsVersion = 15.0;
						TestTargetID = 160960E42D90FC970086F495;
					};
				};
			};
			buildConfigurationList = 160960E02D90FC970086F495 /* Build configuration list for PBXProject "GainZ" */;
			compatibilityVersion = "Xcode 14.0";
			developmentRegion = en;
			hasScannedForEncodings = 0;
			knownRegions = (
				en,
				Base,
			);
			mainGroup = 160960DC2D90FC970086F495;
			productRefGroup = 160960E62D90FC970086F495 /* Products */;
			projectDirPath = "";
			projectRoot = "";
			targets = (
				160960E42D90FC970086F495 /* GainZ */,
				160960F92D90FC9C0086F495 /* GainZTests */,
				160961032D90FC9C0086F495 /* GainZUITests */,
			);
		};
/* End PBXProject section */

/* Begin PBXResourcesBuildPhase section */
		160960E32D90FC970086F495 /* Resources */ = {
			isa = PBXResourcesBuildPhase;
			buildActionMask = 2147483647;
			files = (
				160960F02D90FC9B0086F495 /* Preview Assets.xcassets in Resources */,
				160960ED2D90FC9B0086F495 /* Assets.xcassets in Resources */,
			);
			runOnlyForDeploymentPostprocessing = 0;
		};
		160960F82D90FC9C0086F495 /* Resources */ = {
			isa = PBXResourcesBuildPhase;
			buildActionMask = 2147483647;
			files = (
			);
			runOnlyForDeploymentPostprocessing = 0;
		};
		160961022D90FC9C0086F495 /* Resources */ = {
			isa = PBXResourcesBuildPhase;
			buildActionMask = 2147483647;
			files = (
			);
			runOnlyForDeploymentPostprocessing = 0;
		};
/* End PBXResourcesBuildPhase section */

/* Begin PBXSourcesBuildPhase section */
		160960E12D90FC970086F495 /* Sources */ = {
			isa = PBXSourcesBuildPhase;
			buildActionMask = 2147483647;
			files = (
				160960F22D90FC9B0086F495 /* Persistence.swift in Sources */,
				160960EB2D90FC970086F495 /* ContentView.swift in Sources */,
				160960E92D90FC970086F495 /* GainZApp.swift in Sources */,
				160960F52D90FC9B0086F495 /* GainZ.xcdatamodeld in Sources */,
			);
			runOnlyForDeploymentPostprocessing = 0;
		};
		160960F62D90FC9C0086F495 /* Sources */ = {
			isa = PBXSourcesBuildPhase;
			buildActionMask = 2147483647;
			files = (
				160960FF2D90FC9C0086F495 /* GainZTests.swift in Sources */,
			);
			runOnlyForDeploymentPostprocessing = 0;
		};
		160961002D90FC9C0086F495 /* Sources */ = {
			isa = PBXSourcesBuildPhase;
			buildActionMask = 2147483647;
			files = (
				1609610B2D90FC9C0086F495 /* GainZUITestsLaunchTests.swift in Sources */,
				160961092D90FC9C0086F495 /* GainZUITests.swift in Sources */,
			);
			runOnlyForDeploymentPostprocessing = 0;
		};
/* End PBXSourcesBuildPhase section */

/* Begin PBXTargetDependency section */
		160960FC2D90FC9C0086F495 /* PBXTargetDependency */ = {
			isa = PBXTargetDependency;
			target = 160960E42D90FC970086F495 /* GainZ */;
			targetProxy = 160960FB2D90FC9C0086F495 /* PBXContainerItemProxy */;
		};
		160961062D90FC9C0086F495 /* PBXTargetDependency */ = {
			isa = PBXTargetDependency;
			target = 160960E42D90FC970086F495 /* GainZ */;
			targetProxy = 160961052D90FC9C0086F495 /* PBXContainerItemProxy */;
		};
/* End PBXTargetDependency section */

/* Begin XCBuildConfiguration section */
		1609610C2D90FC9C0086F495 /* Debug */ = {
			isa = XCBuildConfiguration;
			buildSettings = {
				ALWAYS_SEARCH_USER_PATHS = NO;
				ASSETCATALOG_COMPILER_GENERATE_SWIFT_ASSET_SYMBOL_EXTENSIONS = YES;
				CLANG_ANALYZER_NONNULL = YES;
				CLANG_ANALYZER_NUMBER_OBJECT_CONVERSION = YES_AGGRESSIVE;
				CLANG_CXX_LANGUAGE_STANDARD = "gnu++20";
				CLANG_ENABLE_MODULES = YES;
				CLANG_ENABLE_OBJC_ARC = YES;
				CLANG_ENABLE_OBJC_WEAK = YES;
				CLANG_WARN_BLOCK_CAPTURE_AUTORELEASING = YES;
				CLANG_WARN_BOOL_CONVERSION = YES;
				CLANG_WARN_COMMA = YES;
				CLANG_WARN_CONSTANT_CONVERSION = YES;
				CLANG_WARN_DEPRECATED_OBJC_IMPLEMENTATIONS = YES;
				CLANG_WARN_DIRECT_OBJC_ISA_USAGE = YES_ERROR;
				CLANG_WARN_DOCUMENTATION_COMMENTS = YES;
				CLANG_WARN_EMPTY_BODY = YES;
				CLANG_WARN_ENUM_CONVERSION = YES;
				CLANG_WARN_INFINITE_RECURSION = YES;
				CLANG_WARN_INT_CONVERSION = YES;
				CLANG_WARN_NON_LITERAL_NULL_CONVERSION = YES;
				CLANG_WARN_OBJC_IMPLICIT_RETAIN_SELF = YES;
				CLANG_WARN_OBJC_LITERAL_CONVERSION = YES;
				CLANG_WARN_OBJC_ROOT_CLASS = YES_ERROR;
				CLANG_WARN_QUOTED_INCLUDE_IN_FRAMEWORK_HEADER = YES;
				CLANG_WARN_RANGE_LOOP_ANALYSIS = YES;
				CLANG_WARN_STRICT_PROTOTYPES = YES;
				CLANG_WARN_SUSPICIOUS_MOVE = YES;
				CLANG_WARN_UNGUARDED_AVAILABILITY = YES_AGGRESSIVE;
				CLANG_WARN_UNREACHABLE_CODE = YES;
				CLANG_WARN__DUPLICATE_METHOD_MATCH = YES;
				COPY_PHASE_STRIP = NO;
				DEBUG_INFORMATION_FORMAT = dwarf;
				ENABLE_STRICT_OBJC_MSGSEND = YES;
				ENABLE_TESTABILITY = YES;
				ENABLE_USER_SCRIPT_SANDBOXING = YES;
				GCC_C_LANGUAGE_STANDARD = gnu17;
				GCC_DYNAMIC_NO_PIC = NO;
				GCC_NO_COMMON_BLOCKS = YES;
				GCC_OPTIMIZATION_LEVEL = 0;
				GCC_PREPROCESSOR_DEFINITIONS = (
					"DEBUG=1",
					"$(inherited)",
				);
				GCC_WARN_64_TO_32_BIT_CONVERSION = YES;
				GCC_WARN_ABOUT_RETURN_TYPE = YES_ERROR;
				GCC_WARN_UNDECLARED_SELECTOR = YES;
				GCC_WARN_UNINITIALIZED_AUTOS = YES_AGGRESSIVE;
				GCC_WARN_UNUSED_FUNCTION = YES;
				GCC_WARN_UNUSED_VARIABLE = YES;
				IPHONEOS_DEPLOYMENT_TARGET = 17.0;
				LOCALIZATION_PREFERS_STRING_CATALOGS = YES;
				MTL_ENABLE_DEBUG_INFO = INCLUDE_SOURCE;
				MTL_FAST_MATH = YES;
				ONLY_ACTIVE_ARCH = YES;
				SDKROOT = iphoneos;
				SWIFT_ACTIVE_COMPILATION_CONDITIONS = "DEBUG $(inherited)";
				SWIFT_OPTIMIZATION_LEVEL = "-Onone";
			};
			name = Debug;
		};
		1609610D2D90FC9C0086F495 /* Release */ = {
			isa = XCBuildConfiguration;
			buildSettings = {
				ALWAYS_SEARCH_USER_PATHS = NO;
				ASSETCATALOG_COMPILER_GENERATE_SWIFT_ASSET_SYMBOL_EXTENSIONS = YES;
				CLANG_ANALYZER_NONNULL = YES;
				CLANG_ANALYZER_NUMBER_OBJECT_CONVERSION = YES_AGGRESSIVE;
				CLANG_CXX_LANGUAGE_STANDARD = "gnu++20";
				CLANG_ENABLE_MODULES = YES;
				CLANG_ENABLE_OBJC_ARC = YES;
				CLANG_ENABLE_OBJC_WEAK = YES;
				CLANG_WARN_BLOCK_CAPTURE_AUTORELEASING = YES;
				CLANG_WARN_BOOL_CONVERSION = YES;
				CLANG_WARN_COMMA = YES;
				CLANG_WARN_CONSTANT_CONVERSION = YES;
				CLANG_WARN_DEPRECATED_OBJC_IMPLEMENTATIONS = YES;
				CLANG_WARN_DIRECT_OBJC_ISA_USAGE = YES_ERROR;
				CLANG_WARN_DOCUMENTATION_COMMENTS = YES;
				CLANG_WARN_EMPTY_BODY = YES;
				CLANG_WARN_ENUM_CONVERSION = YES;
				CLANG_WARN_INFINITE_RECURSION = YES;
				CLANG_WARN_INT_CONVERSION = YES;
				CLANG_WARN_NON_LITERAL_NULL_CONVERSION = YES;
				CLANG_WARN_OBJC_IMPLICIT_RETAIN_SELF = YES;
				CLANG_WARN_OBJC_LITERAL_CONVERSION = YES;
				CLANG_WARN_OBJC_ROOT_CLASS = YES_ERROR;
				CLANG_WARN_QUOTED_INCLUDE_IN_FRAMEWORK_HEADER = YES;
				CLANG_WARN_RANGE_LOOP_ANALYSIS = YES;
				CLANG_WARN_STRICT_PROTOTYPES = YES;
				CLANG_WARN_SUSPICIOUS_MOVE = YES;
				CLANG_WARN_UNGUARDED_AVAILABILITY = YES_AGGRESSIVE;
				CLANG_WARN_UNREACHABLE_CODE = YES;
				CLANG_WARN__DUPLICATE_METHOD_MATCH = YES;
				COPY_PHASE_STRIP = NO;
				DEBUG_INFORMATION_FORMAT = "dwarf-with-dsym";
				ENABLE_NS_ASSERTIONS = NO;
				ENABLE_STRICT_OBJC_MSGSEND = YES;
				ENABLE_USER_SCRIPT_SANDBOXING = YES;
				GCC_C_LANGUAGE_STANDARD = gnu17;
				GCC_NO_COMMON_BLOCKS = YES;
				GCC_WARN_64_TO_32_BIT_CONVERSION = YES;
				GCC_WARN_ABOUT_RETURN_TYPE = YES_ERROR;
				GCC_WARN_UNDECLARED_SELECTOR = YES;
				GCC_WARN_UNINITIALIZED_AUTOS = YES_AGGRESSIVE;
				GCC_WARN_UNUSED_FUNCTION = YES;
				GCC_WARN_UNUSED_VARIABLE = YES;
				IPHONEOS_DEPLOYMENT_TARGET = 17.0;
				LOCALIZATION_PREFERS_STRING_CATALOGS = YES;
				MTL_ENABLE_DEBUG_INFO = NO;
				MTL_FAST_MATH = YES;
				SDKROOT = iphoneos;
				SWIFT_COMPILATION_MODE = wholemodule;
				VALIDATE_PRODUCT = YES;
			};
			name = Release;
		};
		1609610F2D90FC9C0086F495 /* Debug */ = {
			isa = XCBuildConfiguration;
			buildSettings = {
				ASSETCATALOG_COMPILER_APPICON_NAME = AppIcon;
				ASSETCATALOG_COMPILER_GLOBAL_ACCENT_COLOR_NAME = AccentColor;
				CODE_SIGN_STYLE = Automatic;
				CURRENT_PROJECT_VERSION = 1;
				DEVELOPMENT_ASSET_PATHS = "\"GainZ/Preview Content\"";
				DEVELOPMENT_TEAM = 9S6CR784H8;
				ENABLE_PREVIEWS = YES;
				GENERATE_INFOPLIST_FILE = YES;
				INFOPLIST_KEY_UIApplicationSceneManifest_Generation = YES;
				INFOPLIST_KEY_UIApplicationSupportsIndirectInputEvents = YES;
				INFOPLIST_KEY_UILaunchScreen_Generation = YES;
				INFOPLIST_KEY_UISupportedInterfaceOrientations_iPad = "UIInterfaceOrientationPortrait UIInterfaceOrientationPortraitUpsideDown UIInterfaceOrientationLandscapeLeft UIInterfaceOrientationLandscapeRight";
				INFOPLIST_KEY_UISupportedInterfaceOrientations_iPhone = "UIInterfaceOrientationPortrait UIInterfaceOrientationLandscapeLeft UIInterfaceOrientationLandscapeRight";
				LD_RUNPATH_SEARCH_PATHS = (
					"$(inherited)",
					"@executable_path/Frameworks",
				);
				MARKETING_VERSION = 1.0;
				PRODUCT_BUNDLE_IDENTIFIER = TeamGainz.GainZ;
				PRODUCT_NAME = "$(TARGET_NAME)";
				SWIFT_EMIT_LOC_STRINGS = YES;
				SWIFT_VERSION = 5.0;
				TARGETED_DEVICE_FAMILY = "1,2";
			};
			name = Debug;
		};
		160961102D90FC9C0086F495 /* Release */ = {
			isa = XCBuildConfiguration;
			buildSettings = {
				ASSETCATALOG_COMPILER_APPICON_NAME = AppIcon;
				ASSETCATALOG_COMPILER_GLOBAL_ACCENT_COLOR_NAME = AccentColor;
				CODE_SIGN_STYLE = Automatic;
				CURRENT_PROJECT_VERSION = 1;
				DEVELOPMENT_ASSET_PATHS = "\"GainZ/Preview Content\"";
				DEVELOPMENT_TEAM = 9S6CR784H8;
				ENABLE_PREVIEWS = YES;
				GENERATE_INFOPLIST_FILE = YES;
				INFOPLIST_KEY_UIApplicationSceneManifest_Generation = YES;
				INFOPLIST_KEY_UIApplicationSupportsIndirectInputEvents = YES;
				INFOPLIST_KEY_UILaunchScreen_Generation = YES;
				INFOPLIST_KEY_UISupportedInterfaceOrientations_iPad = "UIInterfaceOrientationPortrait UIInterfaceOrientationPortraitUpsideDown UIInterfaceOrientationLandscapeLeft UIInterfaceOrientationLandscapeRight";
				INFOPLIST_KEY_UISupportedInterfaceOrientations_iPhone = "UIInterfaceOrientationPortrait UIInterfaceOrientationLandscapeLeft UIInterfaceOrientationLandscapeRight";
				LD_RUNPATH_SEARCH_PATHS = (
					"$(inherited)",
					"@executable_path/Frameworks",
				);
				MARKETING_VERSION = 1.0;
				PRODUCT_BUNDLE_IDENTIFIER = TeamGainz.GainZ;
				PRODUCT_NAME = "$(TARGET_NAME)";
				SWIFT_EMIT_LOC_STRINGS = YES;
				SWIFT_VERSION = 5.0;
				TARGETED_DEVICE_FAMILY = "1,2";
			};
			name = Release;
		};
		160961122D90FC9C0086F495 /* Debug */ = {
			isa = XCBuildConfiguration;
			buildSettings = {
				ALWAYS_EMBED_SWIFT_STANDARD_LIBRARIES = YES;
				BUNDLE_LOADER = "$(TEST_HOST)";
				CODE_SIGN_STYLE = Automatic;
				CURRENT_PROJECT_VERSION = 1;
				DEVELOPMENT_TEAM = 9S6CR784H8;
				GENERATE_INFOPLIST_FILE = YES;
				IPHONEOS_DEPLOYMENT_TARGET = 17.0;
				MARKETING_VERSION = 1.0;
				PRODUCT_BUNDLE_IDENTIFIER = TeamGainz.GainZTests;
				PRODUCT_NAME = "$(TARGET_NAME)";
				SWIFT_EMIT_LOC_STRINGS = NO;
				SWIFT_VERSION = 5.0;
				TARGETED_DEVICE_FAMILY = "1,2";
				TEST_HOST = "$(BUILT_PRODUCTS_DIR)/GainZ.app/$(BUNDLE_EXECUTABLE_FOLDER_PATH)/GainZ";
			};
			name = Debug;
		};
		160961132D90FC9C0086F495 /* Release */ = {
			isa = XCBuildConfiguration;
			buildSettings = {
				ALWAYS_EMBED_SWIFT_STANDARD_LIBRARIES = YES;
				BUNDLE_LOADER = "$(TEST_HOST)";
				CODE_SIGN_STYLE = Automatic;
				CURRENT_PROJECT_VERSION = 1;
				DEVELOPMENT_TEAM = 9S6CR784H8;
				GENERATE_INFOPLIST_FILE = YES;
				IPHONEOS_DEPLOYMENT_TARGET = 17.0;
				MARKETING_VERSION = 1.0;
				PRODUCT_BUNDLE_IDENTIFIER = TeamGainz.GainZTests;
				PRODUCT_NAME = "$(TARGET_NAME)";
				SWIFT_EMIT_LOC_STRINGS = NO;
				SWIFT_VERSION = 5.0;
				TARGETED_DEVICE_FAMILY = "1,2";
				TEST_HOST = "$(BUILT_PRODUCTS_DIR)/GainZ.app/$(BUNDLE_EXECUTABLE_FOLDER_PATH)/GainZ";
			};
			name = Release;
		};
		160961152D90FC9C0086F495 /* Debug */ = {
			isa = XCBuildConfiguration;
			buildSettings = {
				ALWAYS_EMBED_SWIFT_STANDARD_LIBRARIES = YES;
				CODE_SIGN_STYLE = Automatic;
				CURRENT_PROJECT_VERSION = 1;
				DEVELOPMENT_TEAM = 9S6CR784H8;
				GENERATE_INFOPLIST_FILE = YES;
				MARKETING_VERSION = 1.0;
				PRODUCT_BUNDLE_IDENTIFIER = TeamGainz.GainZUITests;
				PRODUCT_NAME = "$(TARGET_NAME)";
				SWIFT_EMIT_LOC_STRINGS = NO;
				SWIFT_VERSION = 5.0;
				TARGETED_DEVICE_FAMILY = "1,2";
				TEST_TARGET_NAME = GainZ;
			};
			name = Debug;
		};
		160961162D90FC9C0086F495 /* Release */ = {
			isa = XCBuildConfiguration;
			buildSettings = {
				ALWAYS_EMBED_SWIFT_STANDARD_LIBRARIES = YES;
				CODE_SIGN_STYLE = Automatic;
				CURRENT_PROJECT_VERSION = 1;
				DEVELOPMENT_TEAM = 9S6CR784H8;
				GENERATE_INFOPLIST_FILE = YES;
				MARKETING_VERSION = 1.0;
				PRODUCT_BUNDLE_IDENTIFIER = TeamGainz.GainZUITests;
				PRODUCT_NAME = "$(TARGET_NAME)";
				SWIFT_EMIT_LOC_STRINGS = NO;
				SWIFT_VERSION = 5.0;
				TARGETED_DEVICE_FAMILY = "1,2";
				TEST_TARGET_NAME = GainZ;
			};
			name = Release;
		};
/* End XCBuildConfiguration section */

/* Begin XCConfigurationList section */
		160960E02D90FC970086F495 /* Build configuration list for PBXProject "GainZ" */ = {
			isa = XCConfigurationList;
			buildConfigurations = (
				1609610C2D90FC9C0086F495 /* Debug */,
				1609610D2D90FC9C0086F495 /* Release */,
			);
			defaultConfigurationIsVisible = 0;
			defaultConfigurationName = Release;
		};
		1609610E2D90FC9C0086F495 /* Build configuration list for PBXNativeTarget "GainZ" */ = {
			isa = XCConfigurationList;
			buildConfigurations = (
				1609610F2D90FC9C0086F495 /* Debug */,
				160961102D90FC9C0086F495 /* Release */,
			);
			defaultConfigurationIsVisible = 0;
			defaultConfigurationName = Release;
		};
		160961112D90FC9C0086F495 /* Build configuration list for PBXNativeTarget "GainZTests" */ = {
			isa = XCConfigurationList;
			buildConfigurations = (
				160961122D90FC9C0086F495 /* Debug */,
				160961132D90FC9C0086F495 /* Release */,
			);
			defaultConfigurationIsVisible = 0;
			defaultConfigurationName = Release;
		};
		160961142D90FC9C0086F495 /* Build configuration list for PBXNativeTarget "GainZUITests" */ = {
			isa = XCConfigurationList;
			buildConfigurations = (
				160961152D90FC9C0086F495 /* Debug */,
				160961162D90FC9C0086F495 /* Release */,
			);
			defaultConfigurationIsVisible = 0;
			defaultConfigurationName = Release;
		};
/* End XCConfigurationList section */

/* Begin XCVersionGroup section */
		160960F32D90FC9B0086F495 /* GainZ.xcdatamodeld */ = {
			isa = XCVersionGroup;
			children = (
				160960F42D90FC9B0086F495 /* GainZ.xcdatamodel */,
			);
			currentVersion = 160960F42D90FC9B0086F495 /* GainZ.xcdatamodel */;
			path = GainZ.xcdatamodeld;
			sourceTree = "<group>";
			versionGroupType = wrapper.xcdatamodel;
		};
/* End XCVersionGroup section */
	};
	rootObject = 160960DD2D90FC970086F495 /* Project object */;
}
