// !$*UTF8*$!
{
	archiveVersion = 1;
	classes = {
	};
	objectVersion = 56;
	objects = {

/* Begin PBXBuildFile section */
		160960A82D890E4B0086F495 /* AppDelegate.swift in Sources */ = {isa = PBXBuildFile; fileRef = 160960A72D890E4B0086F495 /* AppDelegate.swift */; };
		160960AA2D890E4B0086F495 /* SceneDelegate.swift in Sources */ = {isa = PBXBuildFile; fileRef = 160960A92D890E4B0086F495 /* SceneDelegate.swift */; };
		160960AC2D890E4B0086F495 /* ViewController.swift in Sources */ = {isa = PBXBuildFile; fileRef = 160960AB2D890E4B0086F495 /* ViewController.swift */; };
		160960AF2D890E4B0086F495 /* Main.storyboard in Resources */ = {isa = PBXBuildFile; fileRef = 160960AD2D890E4B0086F495 /* Main.storyboard */; };
		160960B22D890E4B0086F495 /* GainZ.xcdatamodeld in Sources */ = {isa = PBXBuildFile; fileRef = 160960B02D890E4B0086F495 /* GainZ.xcdatamodeld */; };
		160960B42D890E4E0086F495 /* Assets.xcassets in Resources */ = {isa = PBXBuildFile; fileRef = 160960B32D890E4E0086F495 /* Assets.xcassets */; };
		160960B72D890E4E0086F495 /* LaunchScreen.storyboard in Resources */ = {isa = PBXBuildFile; fileRef = 160960B52D890E4E0086F495 /* LaunchScreen.storyboard */; };
		160960C22D890E4E0086F495 /* GainZTests.swift in Sources */ = {isa = PBXBuildFile; fileRef = 160960C12D890E4E0086F495 /* GainZTests.swift */; };
		160960CC2D890E4E0086F495 /* GainZUITests.swift in Sources */ = {isa = PBXBuildFile; fileRef = 160960CB2D890E4E0086F495 /* GainZUITests.swift */; };
		160960CE2D890E4E0086F495 /* GainZUITestsLaunchTests.swift in Sources */ = {isa = PBXBuildFile; fileRef = 160960CD2D890E4E0086F495 /* GainZUITestsLaunchTests.swift */; };
/* End PBXBuildFile section */

/* Begin PBXContainerItemProxy section */
		160960BE2D890E4E0086F495 /* PBXContainerItemProxy */ = {
			isa = PBXContainerItemProxy;
			containerPortal = 1609609C2D890E4B0086F495 /* Project object */;
			proxyType = 1;
			remoteGlobalIDString = 160960A32D890E4B0086F495;
			remoteInfo = GainZ;
		};
		160960C82D890E4E0086F495 /* PBXContainerItemProxy */ = {
			isa = PBXContainerItemProxy;
			containerPortal = 1609609C2D890E4B0086F495 /* Project object */;
			proxyType = 1;
			remoteGlobalIDString = 160960A32D890E4B0086F495;
			remoteInfo = GainZ;
		};
/* End PBXContainerItemProxy section */

/* Begin PBXFileReference section */
		160960A42D890E4B0086F495 /* GainZ.app */ = {isa = PBXFileReference; explicitFileType = wrapper.application; includeInIndex = 0; path = GainZ.app; sourceTree = BUILT_PRODUCTS_DIR; };
		160960A72D890E4B0086F495 /* AppDelegate.swift */ = {isa = PBXFileReference; lastKnownFileType = sourcecode.swift; path = AppDelegate.swift; sourceTree = "<group>"; };
		160960A92D890E4B0086F495 /* SceneDelegate.swift */ = {isa = PBXFileReference; lastKnownFileType = sourcecode.swift; path = SceneDelegate.swift; sourceTree = "<group>"; };
		160960AB2D890E4B0086F495 /* ViewController.swift */ = {isa = PBXFileReference; lastKnownFileType = sourcecode.swift; path = ViewController.swift; sourceTree = "<group>"; };
		160960AE2D890E4B0086F495 /* Base */ = {isa = PBXFileReference; lastKnownFileType = file.storyboard; name = Base; path = Base.lproj/Main.storyboard; sourceTree = "<group>"; };
		160960B12D890E4B0086F495 /* GainZ.xcdatamodel */ = {isa = PBXFileReference; lastKnownFileType = wrapper.xcdatamodel; path = GainZ.xcdatamodel; sourceTree = "<group>"; };
		160960B32D890E4E0086F495 /* Assets.xcassets */ = {isa = PBXFileReference; lastKnownFileType = folder.assetcatalog; path = Assets.xcassets; sourceTree = "<group>"; };
		160960B62D890E4E0086F495 /* Base */ = {isa = PBXFileReference; lastKnownFileType = file.storyboard; name = Base; path = Base.lproj/LaunchScreen.storyboard; sourceTree = "<group>"; };
		160960B82D890E4E0086F495 /* Info.plist */ = {isa = PBXFileReference; lastKnownFileType = text.plist.xml; path = Info.plist; sourceTree = "<group>"; };
		160960BD2D890E4E0086F495 /* GainZTests.xctest */ = {isa = PBXFileReference; explicitFileType = wrapper.cfbundle; includeInIndex = 0; path = GainZTests.xctest; sourceTree = BUILT_PRODUCTS_DIR; };
		160960C12D890E4E0086F495 /* GainZTests.swift */ = {isa = PBXFileReference; lastKnownFileType = sourcecode.swift; path = GainZTests.swift; sourceTree = "<group>"; };
		160960C72D890E4E0086F495 /* GainZUITests.xctest */ = {isa = PBXFileReference; explicitFileType = wrapper.cfbundle; includeInIndex = 0; path = GainZUITests.xctest; sourceTree = BUILT_PRODUCTS_DIR; };
		160960CB2D890E4E0086F495 /* GainZUITests.swift */ = {isa = PBXFileReference; lastKnownFileType = sourcecode.swift; path = GainZUITests.swift; sourceTree = "<group>"; };
		160960CD2D890E4E0086F495 /* GainZUITestsLaunchTests.swift */ = {isa = PBXFileReference; lastKnownFileType = sourcecode.swift; path = GainZUITestsLaunchTests.swift; sourceTree = "<group>"; };
/* End PBXFileReference section */

/* Begin PBXFrameworksBuildPhase section */
		160960A12D890E4B0086F495 /* Frameworks */ = {
			isa = PBXFrameworksBuildPhase;
			buildActionMask = 2147483647;
			files = (
			);
			runOnlyForDeploymentPostprocessing = 0;
		};
		160960BA2D890E4E0086F495 /* Frameworks */ = {
			isa = PBXFrameworksBuildPhase;
			buildActionMask = 2147483647;
			files = (
			);
			runOnlyForDeploymentPostprocessing = 0;
		};
		160960C42D890E4E0086F495 /* Frameworks */ = {
			isa = PBXFrameworksBuildPhase;
			buildActionMask = 2147483647;
			files = (
			);
			runOnlyForDeploymentPostprocessing = 0;
		};
/* End PBXFrameworksBuildPhase section */

/* Begin PBXGroup section */
		1609609B2D890E4B0086F495 = {
			isa = PBXGroup;
			children = (
				160960A62D890E4B0086F495 /* GainZ */,
				160960C02D890E4E0086F495 /* GainZTests */,
				160960CA2D890E4E0086F495 /* GainZUITests */,
				160960A52D890E4B0086F495 /* Products */,
			);
			sourceTree = "<group>";
		};
		160960A52D890E4B0086F495 /* Products */ = {
			isa = PBXGroup;
			children = (
				160960A42D890E4B0086F495 /* GainZ.app */,
				160960BD2D890E4E0086F495 /* GainZTests.xctest */,
				160960C72D890E4E0086F495 /* GainZUITests.xctest */,
			);
			name = Products;
			sourceTree = "<group>";
		};
		160960A62D890E4B0086F495 /* GainZ */ = {
			isa = PBXGroup;
			children = (
				160960A72D890E4B0086F495 /* AppDelegate.swift */,
				160960A92D890E4B0086F495 /* SceneDelegate.swift */,
				160960AB2D890E4B0086F495 /* ViewController.swift */,
				160960AD2D890E4B0086F495 /* Main.storyboard */,
				160960B32D890E4E0086F495 /* Assets.xcassets */,
				160960B52D890E4E0086F495 /* LaunchScreen.storyboard */,
				160960B82D890E4E0086F495 /* Info.plist */,
				160960B02D890E4B0086F495 /* GainZ.xcdatamodeld */,
			);
			path = GainZ;
			sourceTree = "<group>";
		};
		160960C02D890E4E0086F495 /* GainZTests */ = {
			isa = PBXGroup;
			children = (
				160960C12D890E4E0086F495 /* GainZTests.swift */,
			);
			path = GainZTests;
			sourceTree = "<group>";
		};
		160960CA2D890E4E0086F495 /* GainZUITests */ = {
			isa = PBXGroup;
			children = (
				160960CB2D890E4E0086F495 /* GainZUITests.swift */,
				160960CD2D890E4E0086F495 /* GainZUITestsLaunchTests.swift */,
			);
			path = GainZUITests;
			sourceTree = "<group>";
		};
/* End PBXGroup section */

/* Begin PBXNativeTarget section */
		160960A32D890E4B0086F495 /* GainZ */ = {
			isa = PBXNativeTarget;
			buildConfigurationList = 160960D12D890E4E0086F495 /* Build configuration list for PBXNativeTarget "GainZ" */;
			buildPhases = (
				160960A02D890E4B0086F495 /* Sources */,
				160960A12D890E4B0086F495 /* Frameworks */,
				160960A22D890E4B0086F495 /* Resources */,
			);
			buildRules = (
			);
			dependencies = (
			);
			name = GainZ;
			productName = GainZ;
			productReference = 160960A42D890E4B0086F495 /* GainZ.app */;
			productType = "com.apple.product-type.application";
		};
		160960BC2D890E4E0086F495 /* GainZTests */ = {
			isa = PBXNativeTarget;
			buildConfigurationList = 160960D42D890E4E0086F495 /* Build configuration list for PBXNativeTarget "GainZTests" */;
			buildPhases = (
				160960B92D890E4E0086F495 /* Sources */,
				160960BA2D890E4E0086F495 /* Frameworks */,
				160960BB2D890E4E0086F495 /* Resources */,
			);
			buildRules = (
			);
			dependencies = (
				160960BF2D890E4E0086F495 /* PBXTargetDependency */,
			);
			name = GainZTests;
			productName = GainZTests;
			productReference = 160960BD2D890E4E0086F495 /* GainZTests.xctest */;
			productType = "com.apple.product-type.bundle.unit-test";
		};
		160960C62D890E4E0086F495 /* GainZUITests */ = {
			isa = PBXNativeTarget;
			buildConfigurationList = 160960D72D890E4E0086F495 /* Build configuration list for PBXNativeTarget "GainZUITests" */;
			buildPhases = (
				160960C32D890E4E0086F495 /* Sources */,
				160960C42D890E4E0086F495 /* Frameworks */,
				160960C52D890E4E0086F495 /* Resources */,
			);
			buildRules = (
			);
			dependencies = (
				160960C92D890E4E0086F495 /* PBXTargetDependency */,
			);
			name = GainZUITests;
			productName = GainZUITests;
			productReference = 160960C72D890E4E0086F495 /* GainZUITests.xctest */;
			productType = "com.apple.product-type.bundle.ui-testing";
		};
/* End PBXNativeTarget section */

/* Begin PBXProject section */
		1609609C2D890E4B0086F495 /* Project object */ = {
			isa = PBXProject;
			attributes = {
				BuildIndependentTargetsInParallel = 1;
				LastSwiftUpdateCheck = 1500;
				LastUpgradeCheck = 1500;
				TargetAttributes = {
					160960A32D890E4B0086F495 = {
						CreatedOnToolsVersion = 15.0;
					};
					160960BC2D890E4E0086F495 = {
						CreatedOnToolsVersion = 15.0;
						TestTargetID = 160960A32D890E4B0086F495;
					};
					160960C62D890E4E0086F495 = {
						CreatedOnToolsVersion = 15.0;
						TestTargetID = 160960A32D890E4B0086F495;
					};
				};
			};
			buildConfigurationList = 1609609F2D890E4B0086F495 /* Build configuration list for PBXProject "GainZ" */;
			compatibilityVersion = "Xcode 14.0";
			developmentRegion = en;
			hasScannedForEncodings = 0;
			knownRegions = (
				en,
				Base,
			);
			mainGroup = 1609609B2D890E4B0086F495;
			productRefGroup = 160960A52D890E4B0086F495 /* Products */;
			projectDirPath = "";
			projectRoot = "";
			targets = (
				160960A32D890E4B0086F495 /* GainZ */,
				160960BC2D890E4E0086F495 /* GainZTests */,
				160960C62D890E4E0086F495 /* GainZUITests */,
			);
		};
/* End PBXProject section */

/* Begin PBXResourcesBuildPhase section */
		160960A22D890E4B0086F495 /* Resources */ = {
			isa = PBXResourcesBuildPhase;
			buildActionMask = 2147483647;
			files = (
				160960B72D890E4E0086F495 /* LaunchScreen.storyboard in Resources */,
				160960B42D890E4E0086F495 /* Assets.xcassets in Resources */,
				160960AF2D890E4B0086F495 /* Main.storyboard in Resources */,
			);
			runOnlyForDeploymentPostprocessing = 0;
		};
		160960BB2D890E4E0086F495 /* Resources */ = {
			isa = PBXResourcesBuildPhase;
			buildActionMask = 2147483647;
			files = (
			);
			runOnlyForDeploymentPostprocessing = 0;
		};
		160960C52D890E4E0086F495 /* Resources */ = {
			isa = PBXResourcesBuildPhase;
			buildActionMask = 2147483647;
			files = (
			);
			runOnlyForDeploymentPostprocessing = 0;
		};
/* End PBXResourcesBuildPhase section */

/* Begin PBXSourcesBuildPhase section */
		160960A02D890E4B0086F495 /* Sources */ = {
			isa = PBXSourcesBuildPhase;
			buildActionMask = 2147483647;
			files = (
				160960AC2D890E4B0086F495 /* ViewController.swift in Sources */,
				160960A82D890E4B0086F495 /* AppDelegate.swift in Sources */,
				160960AA2D890E4B0086F495 /* SceneDelegate.swift in Sources */,
				160960B22D890E4B0086F495 /* GainZ.xcdatamodeld in Sources */,
			);
			runOnlyForDeploymentPostprocessing = 0;
		};
		160960B92D890E4E0086F495 /* Sources */ = {
			isa = PBXSourcesBuildPhase;
			buildActionMask = 2147483647;
			files = (
				160960C22D890E4E0086F495 /* GainZTests.swift in Sources */,
			);
			runOnlyForDeploymentPostprocessing = 0;
		};
		160960C32D890E4E0086F495 /* Sources */ = {
			isa = PBXSourcesBuildPhase;
			buildActionMask = 2147483647;
			files = (
				160960CE2D890E4E0086F495 /* GainZUITestsLaunchTests.swift in Sources */,
				160960CC2D890E4E0086F495 /* GainZUITests.swift in Sources */,
			);
			runOnlyForDeploymentPostprocessing = 0;
		};
/* End PBXSourcesBuildPhase section */

/* Begin PBXTargetDependency section */
		160960BF2D890E4E0086F495 /* PBXTargetDependency */ = {
			isa = PBXTargetDependency;
			target = 160960A32D890E4B0086F495 /* GainZ */;
			targetProxy = 160960BE2D890E4E0086F495 /* PBXContainerItemProxy */;
		};
		160960C92D890E4E0086F495 /* PBXTargetDependency */ = {
			isa = PBXTargetDependency;
			target = 160960A32D890E4B0086F495 /* GainZ */;
			targetProxy = 160960C82D890E4E0086F495 /* PBXContainerItemProxy */;
		};
/* End PBXTargetDependency section */

/* Begin PBXVariantGroup section */
		160960AD2D890E4B0086F495 /* Main.storyboard */ = {
			isa = PBXVariantGroup;
			children = (
				160960AE2D890E4B0086F495 /* Base */,
			);
			name = Main.storyboard;
			sourceTree = "<group>";
		};
		160960B52D890E4E0086F495 /* LaunchScreen.storyboard */ = {
			isa = PBXVariantGroup;
			children = (
				160960B62D890E4E0086F495 /* Base */,
			);
			name = LaunchScreen.storyboard;
			sourceTree = "<group>";
		};
/* End PBXVariantGroup section */

/* Begin XCBuildConfiguration section */
		160960CF2D890E4E0086F495 /* Debug */ = {
			isa = XCBuildConfiguration;
			buildSettings = {
				ALWAYS_SEARCH_USER_PATHS = NO;
				ASSETCATALOG_COMPILER_GENERATE_SWIFT_ASSET_SYMBOL_EXTENSIONS = YES;
				CLANG_ANALYZER_NONNULL = YES;
				CLANG_ANALYZER_NUMBER_OBJECT_CONVERSION = YES_AGGRESSIVE;
				CLANG_CXX_LANGUAGE_STANDARD = "gnu++20";
				CLANG_ENABLE_MODULES = YES;
				CLANG_ENABLE_OBJC_ARC = YES;
				CLANG_ENABLE_OBJC_WEAK = YES;
				CLANG_WARN_BLOCK_CAPTURE_AUTORELEASING = YES;
				CLANG_WARN_BOOL_CONVERSION = YES;
				CLANG_WARN_COMMA = YES;
				CLANG_WARN_CONSTANT_CONVERSION = YES;
				CLANG_WARN_DEPRECATED_OBJC_IMPLEMENTATIONS = YES;
				CLANG_WARN_DIRECT_OBJC_ISA_USAGE = YES_ERROR;
				CLANG_WARN_DOCUMENTATION_COMMENTS = YES;
				CLANG_WARN_EMPTY_BODY = YES;
				CLANG_WARN_ENUM_CONVERSION = YES;
				CLANG_WARN_INFINITE_RECURSION = YES;
				CLANG_WARN_INT_CONVERSION = YES;
				CLANG_WARN_NON_LITERAL_NULL_CONVERSION = YES;
				CLANG_WARN_OBJC_IMPLICIT_RETAIN_SELF = YES;
				CLANG_WARN_OBJC_LITERAL_CONVERSION = YES;
				CLANG_WARN_OBJC_ROOT_CLASS = YES_ERROR;
				CLANG_WARN_QUOTED_INCLUDE_IN_FRAMEWORK_HEADER = YES;
				CLANG_WARN_RANGE_LOOP_ANALYSIS = YES;
				CLANG_WARN_STRICT_PROTOTYPES = YES;
				CLANG_WARN_SUSPICIOUS_MOVE = YES;
				CLANG_WARN_UNGUARDED_AVAILABILITY = YES_AGGRESSIVE;
				CLANG_WARN_UNREACHABLE_CODE = YES;
				CLANG_WARN__DUPLICATE_METHOD_MATCH = YES;
				COPY_PHASE_STRIP = NO;
				DEBUG_INFORMATION_FORMAT = dwarf;
				ENABLE_STRICT_OBJC_MSGSEND = YES;
				ENABLE_TESTABILITY = YES;
				ENABLE_USER_SCRIPT_SANDBOXING = YES;
				GCC_C_LANGUAGE_STANDARD = gnu17;
				GCC_DYNAMIC_NO_PIC = NO;
				GCC_NO_COMMON_BLOCKS = YES;
				GCC_OPTIMIZATION_LEVEL = 0;
				GCC_PREPROCESSOR_DEFINITIONS = (
					"DEBUG=1",
					"$(inherited)",
				);
				GCC_WARN_64_TO_32_BIT_CONVERSION = YES;
				GCC_WARN_ABOUT_RETURN_TYPE = YES_ERROR;
				GCC_WARN_UNDECLARED_SELECTOR = YES;
				GCC_WARN_UNINITIALIZED_AUTOS = YES_AGGRESSIVE;
				GCC_WARN_UNUSED_FUNCTION = YES;
				GCC_WARN_UNUSED_VARIABLE = YES;
				IPHONEOS_DEPLOYMENT_TARGET = 17.0;
				LOCALIZATION_PREFERS_STRING_CATALOGS = YES;
				MTL_ENABLE_DEBUG_INFO = INCLUDE_SOURCE;
				MTL_FAST_MATH = YES;
				ONLY_ACTIVE_ARCH = YES;
				SDKROOT = iphoneos;
				SWIFT_ACTIVE_COMPILATION_CONDITIONS = "DEBUG $(inherited)";
				SWIFT_OPTIMIZATION_LEVEL = "-Onone";
			};
			name = Debug;
		};
		160960D02D890E4E0086F495 /* Release */ = {
			isa = XCBuildConfiguration;
			buildSettings = {
				ALWAYS_SEARCH_USER_PATHS = NO;
				ASSETCATALOG_COMPILER_GENERATE_SWIFT_ASSET_SYMBOL_EXTENSIONS = YES;
				CLANG_ANALYZER_NONNULL = YES;
				CLANG_ANALYZER_NUMBER_OBJECT_CONVERSION = YES_AGGRESSIVE;
				CLANG_CXX_LANGUAGE_STANDARD = "gnu++20";
				CLANG_ENABLE_MODULES = YES;
				CLANG_ENABLE_OBJC_ARC = YES;
				CLANG_ENABLE_OBJC_WEAK = YES;
				CLANG_WARN_BLOCK_CAPTURE_AUTORELEASING = YES;
				CLANG_WARN_BOOL_CONVERSION = YES;
				CLANG_WARN_COMMA = YES;
				CLANG_WARN_CONSTANT_CONVERSION = YES;
				CLANG_WARN_DEPRECATED_OBJC_IMPLEMENTATIONS = YES;
				CLANG_WARN_DIRECT_OBJC_ISA_USAGE = YES_ERROR;
				CLANG_WARN_DOCUMENTATION_COMMENTS = YES;
				CLANG_WARN_EMPTY_BODY = YES;
				CLANG_WARN_ENUM_CONVERSION = YES;
				CLANG_WARN_INFINITE_RECURSION = YES;
				CLANG_WARN_INT_CONVERSION = YES;
				CLANG_WARN_NON_LITERAL_NULL_CONVERSION = YES;
				CLANG_WARN_OBJC_IMPLICIT_RETAIN_SELF = YES;
				CLANG_WARN_OBJC_LITERAL_CONVERSION = YES;
				CLANG_WARN_OBJC_ROOT_CLASS = YES_ERROR;
				CLANG_WARN_QUOTED_INCLUDE_IN_FRAMEWORK_HEADER = YES;
				CLANG_WARN_RANGE_LOOP_ANALYSIS = YES;
				CLANG_WARN_STRICT_PROTOTYPES = YES;
				CLANG_WARN_SUSPICIOUS_MOVE = YES;
				CLANG_WARN_UNGUARDED_AVAILABILITY = YES_AGGRESSIVE;
				CLANG_WARN_UNREACHABLE_CODE = YES;
				CLANG_WARN__DUPLICATE_METHOD_MATCH = YES;
				COPY_PHASE_STRIP = NO;
				DEBUG_INFORMATION_FORMAT = "dwarf-with-dsym";
				ENABLE_NS_ASSERTIONS = NO;
				ENABLE_STRICT_OBJC_MSGSEND = YES;
				ENABLE_USER_SCRIPT_SANDBOXING = YES;
				GCC_C_LANGUAGE_STANDARD = gnu17;
				GCC_NO_COMMON_BLOCKS = YES;
				GCC_WARN_64_TO_32_BIT_CONVERSION = YES;
				GCC_WARN_ABOUT_RETURN_TYPE = YES_ERROR;
				GCC_WARN_UNDECLARED_SELECTOR = YES;
				GCC_WARN_UNINITIALIZED_AUTOS = YES_AGGRESSIVE;
				GCC_WARN_UNUSED_FUNCTION = YES;
				GCC_WARN_UNUSED_VARIABLE = YES;
				IPHONEOS_DEPLOYMENT_TARGET = 17.0;
				LOCALIZATION_PREFERS_STRING_CATALOGS = YES;
				MTL_ENABLE_DEBUG_INFO = NO;
				MTL_FAST_MATH = YES;
				SDKROOT = iphoneos;
				SWIFT_COMPILATION_MODE = wholemodule;
				VALIDATE_PRODUCT = YES;
			};
			name = Release;
		};
		160960D22D890E4E0086F495 /* Debug */ = {
			isa = XCBuildConfiguration;
			buildSettings = {
				ASSETCATALOG_COMPILER_APPICON_NAME = AppIcon;
				ASSETCATALOG_COMPILER_GLOBAL_ACCENT_COLOR_NAME = AccentColor;
				CODE_SIGN_STYLE = Automatic;
				CURRENT_PROJECT_VERSION = 1;
				DEVELOPMENT_TEAM = 9S6CR784H8;
				GENERATE_INFOPLIST_FILE = YES;
				INFOPLIST_FILE = GainZ/Info.plist;
				INFOPLIST_KEY_UIApplicationSupportsIndirectInputEvents = YES;
				INFOPLIST_KEY_UILaunchStoryboardName = LaunchScreen;
				INFOPLIST_KEY_UIMainStoryboardFile = Main;
				INFOPLIST_KEY_UISupportedInterfaceOrientations_iPad = "UIInterfaceOrientationPortrait UIInterfaceOrientationPortraitUpsideDown UIInterfaceOrientationLandscapeLeft UIInterfaceOrientationLandscapeRight";
				INFOPLIST_KEY_UISupportedInterfaceOrientations_iPhone = "UIInterfaceOrientationPortrait UIInterfaceOrientationLandscapeLeft UIInterfaceOrientationLandscapeRight";
				IPHONEOS_DEPLOYMENT_TARGET = 15.0;
				LD_RUNPATH_SEARCH_PATHS = (
					"$(inherited)",
					"@executable_path/Frameworks",
				);
				MARKETING_VERSION = 1.0;
				PRODUCT_BUNDLE_IDENTIFIER = TeamGainz.GainZ;
				PRODUCT_NAME = "$(TARGET_NAME)";
				SWIFT_EMIT_LOC_STRINGS = YES;
				SWIFT_VERSION = 5.0;
				TARGETED_DEVICE_FAMILY = "1,2";
			};
			name = Debug;
		};
		160960D32D890E4E0086F495 /* Release */ = {
			isa = XCBuildConfiguration;
			buildSettings = {
				ASSETCATALOG_COMPILER_APPICON_NAME = AppIcon;
				ASSETCATALOG_COMPILER_GLOBAL_ACCENT_COLOR_NAME = AccentColor;
				CODE_SIGN_STYLE = Automatic;
				CURRENT_PROJECT_VERSION = 1;
				DEVELOPMENT_TEAM = 9S6CR784H8;
				GENERATE_INFOPLIST_FILE = YES;
				INFOPLIST_FILE = GainZ/Info.plist;
				INFOPLIST_KEY_UIApplicationSupportsIndirectInputEvents = YES;
				INFOPLIST_KEY_UILaunchStoryboardName = LaunchScreen;
				INFOPLIST_KEY_UIMainStoryboardFile = Main;
				INFOPLIST_KEY_UISupportedInterfaceOrientations_iPad = "UIInterfaceOrientationPortrait UIInterfaceOrientationPortraitUpsideDown UIInterfaceOrientationLandscapeLeft UIInterfaceOrientationLandscapeRight";
				INFOPLIST_KEY_UISupportedInterfaceOrientations_iPhone = "UIInterfaceOrientationPortrait UIInterfaceOrientationLandscapeLeft UIInterfaceOrientationLandscapeRight";
				IPHONEOS_DEPLOYMENT_TARGET = 15.0;
				LD_RUNPATH_SEARCH_PATHS = (
					"$(inherited)",
					"@executable_path/Frameworks",
				);
				MARKETING_VERSION = 1.0;
				PRODUCT_BUNDLE_IDENTIFIER = TeamGainz.GainZ;
				PRODUCT_NAME = "$(TARGET_NAME)";
				SWIFT_EMIT_LOC_STRINGS = YES;
				SWIFT_VERSION = 5.0;
				TARGETED_DEVICE_FAMILY = "1,2";
			};
			name = Release;
		};
		160960D52D890E4E0086F495 /* Debug */ = {
			isa = XCBuildConfiguration;
			buildSettings = {
				ALWAYS_EMBED_SWIFT_STANDARD_LIBRARIES = YES;
				BUNDLE_LOADER = "$(TEST_HOST)";
				CODE_SIGN_STYLE = Automatic;
				CURRENT_PROJECT_VERSION = 1;
				DEVELOPMENT_TEAM = 9S6CR784H8;
				GENERATE_INFOPLIST_FILE = YES;
				IPHONEOS_DEPLOYMENT_TARGET = 17.0;
				MARKETING_VERSION = 1.0;
				PRODUCT_BUNDLE_IDENTIFIER = TeamGainz.GainZTests;
				PRODUCT_NAME = "$(TARGET_NAME)";
				SWIFT_EMIT_LOC_STRINGS = NO;
				SWIFT_VERSION = 5.0;
				TARGETED_DEVICE_FAMILY = "1,2";
				TEST_HOST = "$(BUILT_PRODUCTS_DIR)/GainZ.app/$(BUNDLE_EXECUTABLE_FOLDER_PATH)/GainZ";
			};
			name = Debug;
		};
		160960D62D890E4E0086F495 /* Release */ = {
			isa = XCBuildConfiguration;
			buildSettings = {
				ALWAYS_EMBED_SWIFT_STANDARD_LIBRARIES = YES;
				BUNDLE_LOADER = "$(TEST_HOST)";
				CODE_SIGN_STYLE = Automatic;
				CURRENT_PROJECT_VERSION = 1;
				DEVELOPMENT_TEAM = 9S6CR784H8;
				GENERATE_INFOPLIST_FILE = YES;
				IPHONEOS_DEPLOYMENT_TARGET = 17.0;
				MARKETING_VERSION = 1.0;
				PRODUCT_BUNDLE_IDENTIFIER = TeamGainz.GainZTests;
				PRODUCT_NAME = "$(TARGET_NAME)";
				SWIFT_EMIT_LOC_STRINGS = NO;
				SWIFT_VERSION = 5.0;
				TARGETED_DEVICE_FAMILY = "1,2";
				TEST_HOST = "$(BUILT_PRODUCTS_DIR)/GainZ.app/$(BUNDLE_EXECUTABLE_FOLDER_PATH)/GainZ";
			};
			name = Release;
		};
		160960D82D890E4E0086F495 /* Debug */ = {
			isa = XCBuildConfiguration;
			buildSettings = {
				ALWAYS_EMBED_SWIFT_STANDARD_LIBRARIES = YES;
				CODE_SIGN_STYLE = Automatic;
				CURRENT_PROJECT_VERSION = 1;
				DEVELOPMENT_TEAM = 9S6CR784H8;
				GENERATE_INFOPLIST_FILE = YES;
				MARKETING_VERSION = 1.0;
				PRODUCT_BUNDLE_IDENTIFIER = TeamGainz.GainZUITests;
				PRODUCT_NAME = "$(TARGET_NAME)";
				SWIFT_EMIT_LOC_STRINGS = NO;
				SWIFT_VERSION = 5.0;
				TARGETED_DEVICE_FAMILY = "1,2";
				TEST_TARGET_NAME = GainZ;
			};
			name = Debug;
		};
		160960D92D890E4E0086F495 /* Release */ = {
			isa = XCBuildConfiguration;
			buildSettings = {
				ALWAYS_EMBED_SWIFT_STANDARD_LIBRARIES = YES;
				CODE_SIGN_STYLE = Automatic;
				CURRENT_PROJECT_VERSION = 1;
				DEVELOPMENT_TEAM = 9S6CR784H8;
				GENERATE_INFOPLIST_FILE = YES;
				MARKETING_VERSION = 1.0;
				PRODUCT_BUNDLE_IDENTIFIER = TeamGainz.GainZUITests;
				PRODUCT_NAME = "$(TARGET_NAME)";
				SWIFT_EMIT_LOC_STRINGS = NO;
				SWIFT_VERSION = 5.0;
				TARGETED_DEVICE_FAMILY = "1,2";
				TEST_TARGET_NAME = GainZ;
			};
			name = Release;
		};
/* End XCBuildConfiguration section */

/* Begin XCConfigurationList section */
		1609609F2D890E4B0086F495 /* Build configuration list for PBXProject "GainZ" */ = {
			isa = XCConfigurationList;
			buildConfigurations = (
				160960CF2D890E4E0086F495 /* Debug */,
				160960D02D890E4E0086F495 /* Release */,
			);
			defaultConfigurationIsVisible = 0;
			defaultConfigurationName = Release;
		};
		160960D12D890E4E0086F495 /* Build configuration list for PBXNativeTarget "GainZ" */ = {
			isa = XCConfigurationList;
			buildConfigurations = (
				160960D22D890E4E0086F495 /* Debug */,
				160960D32D890E4E0086F495 /* Release */,
			);
			defaultConfigurationIsVisible = 0;
			defaultConfigurationName = Release;
		};
		160960D42D890E4E0086F495 /* Build configuration list for PBXNativeTarget "GainZTests" */ = {
			isa = XCConfigurationList;
			buildConfigurations = (
				160960D52D890E4E0086F495 /* Debug */,
				160960D62D890E4E0086F495 /* Release */,
			);
			defaultConfigurationIsVisible = 0;
			defaultConfigurationName = Release;
		};
		160960D72D890E4E0086F495 /* Build configuration list for PBXNativeTarget "GainZUITests" */ = {
			isa = XCConfigurationList;
			buildConfigurations = (
				160960D82D890E4E0086F495 /* Debug */,
				160960D92D890E4E0086F495 /* Release */,
			);
			defaultConfigurationIsVisible = 0;
			defaultConfigurationName = Release;
		};
/* End XCConfigurationList section */

/* Begin XCVersionGroup section */
		160960B02D890E4B0086F495 /* GainZ.xcdatamodeld */ = {
			isa = XCVersionGroup;
			children = (
				160960B12D890E4B0086F495 /* GainZ.xcdatamodel */,
			);
			currentVersion = 160960B12D890E4B0086F495 /* GainZ.xcdatamodel */;
			path = GainZ.xcdatamodeld;
			sourceTree = "<group>";
			versionGroupType = wrapper.xcdatamodel;
		};
/* End XCVersionGroup section */
	};
	rootObject = 1609609C2D890E4B0086F495 /* Project object */;
}
